// !$*UTF8*$!
{
	archiveVersion = 1;
	classes = {
	};
	objectVersion = 48;
	objects = {

/* Begin PBXBuildFile section */
		D077DBED20613C860026BD0D /* AppDelegate.m in Sources */ = {isa = PBXBuildFile; fileRef = D077DBEC20613C860026BD0D /* AppDelegate.m */; };
		D077DBF020613C870026BD0D /* ViewController.m in Sources */ = {isa = PBXBuildFile; fileRef = D077DBEF20613C870026BD0D /* ViewController.m */; };
		D077DBF320613C870026BD0D /* Main.storyboard in Resources */ = {isa = PBXBuildFile; fileRef = D077DBF120613C870026BD0D /* Main.storyboard */; };
		D077DBF520613C870026BD0D /* Assets.xcassets in Resources */ = {isa = PBXBuildFile; fileRef = D077DBF420613C870026BD0D /* Assets.xcassets */; };
		D077DBF820613C870026BD0D /* LaunchScreen.storyboard in Resources */ = {isa = PBXBuildFile; fileRef = D077DBF620613C870026BD0D /* LaunchScreen.storyboard */; };
		D077DBFB20613C870026BD0D /* main.m in Sources */ = {isa = PBXBuildFile; fileRef = D077DBFA20613C870026BD0D /* main.m */; };
		D077DC0520613C870026BD0D /* JXAutoScrollViewTests.m in Sources */ = {isa = PBXBuildFile; fileRef = D077DC0420613C870026BD0D /* JXAutoScrollViewTests.m */; };
		D077DC1020613C870026BD0D /* JXAutoScrollViewUITests.m in Sources */ = {isa = PBXBuildFile; fileRef = D077DC0F20613C870026BD0D /* JXAutoScrollViewUITests.m */; };
/* End PBXBuildFile section */

/* Begin PBXContainerItemProxy section */
		D077DC0120613C870026BD0D /* PBXContainerItemProxy */ = {
			isa = PBXContainerItemProxy;
			containerPortal = D077DBE020613C860026BD0D /* Project object */;
			proxyType = 1;
			remoteGlobalIDString = D077DBE720613C860026BD0D;
			remoteInfo = JXAutoScrollView;
		};
		D077DC0C20613C870026BD0D /* PBXContainerItemProxy */ = {
			isa = PBXContainerItemProxy;
			containerPortal = D077DBE020613C860026BD0D /* Project object */;
			proxyType = 1;
			remoteGlobalIDString = D077DBE720613C860026BD0D;
			remoteInfo = JXAutoScrollView;
		};
/* End PBXContainerItemProxy section */

/* Begin PBXFileReference section */
		D077DBE820613C860026BD0D /* JXAutoScrollView.app */ = {isa = PBXFileReference; explicitFileType = wrapper.application; includeInIndex = 0; path = JXAutoScrollView.app; sourceTree = BUILT_PRODUCTS_DIR; };
		D077DBEB20613C860026BD0D /* AppDelegate.h */ = {isa = PBXFileReference; lastKnownFileType = sourcecode.c.h; path = AppDelegate.h; sourceTree = "<group>"; };
		D077DBEC20613C860026BD0D /* AppDelegate.m */ = {isa = PBXFileReference; lastKnownFileType = sourcecode.c.objc; path = AppDelegate.m; sourceTree = "<group>"; };
		D077DBEE20613C860026BD0D /* ViewController.h */ = {isa = PBXFileReference; lastKnownFileType = sourcecode.c.h; path = ViewController.h; sourceTree = "<group>"; };
		D077DBEF20613C870026BD0D /* ViewController.m */ = {isa = PBXFileReference; lastKnownFileType = sourcecode.c.objc; path = ViewController.m; sourceTree = "<group>"; };
		D077DBF220613C870026BD0D /* Base */ = {isa = PBXFileReference; lastKnownFileType = file.storyboard; name = Base; path = Base.lproj/Main.storyboard; sourceTree = "<group>"; };
		D077DBF420613C870026BD0D /* Assets.xcassets */ = {isa = PBXFileReference; lastKnownFileType = folder.assetcatalog; path = Assets.xcassets; sourceTree = "<group>"; };
		D077DBF720613C870026BD0D /* Base */ = {isa = PBXFileReference; lastKnownFileType = file.storyboard; name = Base; path = Base.lproj/LaunchScreen.storyboard; sourceTree = "<group>"; };
		D077DBF920613C870026BD0D /* Info.plist */ = {isa = PBXFileReference; lastKnownFileType = text.plist.xml; path = Info.plist; sourceTree = "<group>"; };
		D077DBFA20613C870026BD0D /* main.m */ = {isa = PBXFileReference; lastKnownFileType = sourcecode.c.objc; path = main.m; sourceTree = "<group>"; };
		D077DC0020613C870026BD0D /* JXAutoScrollViewTests.xctest */ = {isa = PBXFileReference; explicitFileType = wrapper.cfbundle; includeInIndex = 0; path = JXAutoScrollViewTests.xctest; sourceTree = BUILT_PRODUCTS_DIR; };
		D077DC0420613C870026BD0D /* JXAutoScrollViewTests.m */ = {isa = PBXFileReference; lastKnownFileType = sourcecode.c.objc; path = JXAutoScrollViewTests.m; sourceTree = "<group>"; };
		D077DC0620613C870026BD0D /* Info.plist */ = {isa = PBXFileReference; lastKnownFileType = text.plist.xml; path = Info.plist; sourceTree = "<group>"; };
		D077DC0B20613C870026BD0D /* JXAutoScrollViewUITests.xctest */ = {isa = PBXFileReference; explicitFileType = wrapper.cfbundle; includeInIndex = 0; path = JXAutoScrollViewUITests.xctest; sourceTree = BUILT_PRODUCTS_DIR; };
		D077DC0F20613C870026BD0D /* JXAutoScrollViewUITests.m */ = {isa = PBXFileReference; lastKnownFileType = sourcecode.c.objc; path = JXAutoScrollViewUITests.m; sourceTree = "<group>"; };
		D077DC1120613C870026BD0D /* Info.plist */ = {isa = PBXFileReference; lastKnownFileType = text.plist.xml; path = Info.plist; sourceTree = "<group>"; };
/* End PBXFileReference section */

/* Begin PBXFrameworksBuildPhase section */
		D077DBE520613C860026BD0D /* Frameworks */ = {
			isa = PBXFrameworksBuildPhase;
			buildActionMask = 2147483647;
			files = (
			);
			runOnlyForDeploymentPostprocessing = 0;
		};
		D077DBFD20613C870026BD0D /* Frameworks */ = {
			isa = PBXFrameworksBuildPhase;
			buildActionMask = 2147483647;
			files = (
			);
			runOnlyForDeploymentPostprocessing = 0;
		};
		D077DC0820613C870026BD0D /* Frameworks */ = {
			isa = PBXFrameworksBuildPhase;
			buildActionMask = 2147483647;
			files = (
			);
			runOnlyForDeploymentPostprocessing = 0;
		};
/* End PBXFrameworksBuildPhase section */

/* Begin PBXGroup section */
		D077DBDF20613C860026BD0D = {
			isa = PBXGroup;
			children = (
				D077DBEA20613C860026BD0D /* JXAutoScrollView */,
				D077DC0320613C870026BD0D /* JXAutoScrollViewTests */,
				D077DC0E20613C870026BD0D /* JXAutoScrollViewUITests */,
				D077DBE920613C860026BD0D /* Products */,
			);
			sourceTree = "<group>";
		};
		D077DBE920613C860026BD0D /* Products */ = {
			isa = PBXGroup;
			children = (
				D077DBE820613C860026BD0D /* JXAutoScrollView.app */,
				D077DC0020613C870026BD0D /* JXAutoScrollViewTests.xctest */,
				D077DC0B20613C870026BD0D /* JXAutoScrollViewUITests.xctest */,
			);
			name = Products;
			sourceTree = "<group>";
		};
		D077DBEA20613C860026BD0D /* JXAutoScrollView */ = {
			isa = PBXGroup;
			children = (
				D077DBEB20613C860026BD0D /* AppDelegate.h */,
				D077DBEC20613C860026BD0D /* AppDelegate.m */,
				D077DBEE20613C860026BD0D /* ViewController.h */,
				D077DBEF20613C870026BD0D /* ViewController.m */,
				D077DBF120613C870026BD0D /* Main.storyboard */,
				D077DBF420613C870026BD0D /* Assets.xcassets */,
				D077DBF620613C870026BD0D /* LaunchScreen.storyboard */,
				D077DBF920613C870026BD0D /* Info.plist */,
				D077DBFA20613C870026BD0D /* main.m */,
			);
			path = JXAutoScrollView;
			sourceTree = "<group>";
		};
		D077DC0320613C870026BD0D /* JXAutoScrollViewTests */ = {
			isa = PBXGroup;
			children = (
				D077DC0420613C870026BD0D /* JXAutoScrollViewTests.m */,
				D077DC0620613C870026BD0D /* Info.plist */,
			);
			path = JXAutoScrollViewTests;
			sourceTree = "<group>";
		};
		D077DC0E20613C870026BD0D /* JXAutoScrollViewUITests */ = {
			isa = PBXGroup;
			children = (
				D077DC0F20613C870026BD0D /* JXAutoScrollViewUITests.m */,
				D077DC1120613C870026BD0D /* Info.plist */,
			);
			path = JXAutoScrollViewUITests;
			sourceTree = "<group>";
		};
/* End PBXGroup section */

/* Begin PBXNativeTarget section */
		D077DBE720613C860026BD0D /* JXAutoScrollView */ = {
			isa = PBXNativeTarget;
			buildConfigurationList = D077DC1420613C870026BD0D /* Build configuration list for PBXNativeTarget "JXAutoScrollView" */;
			buildPhases = (
				D077DBE420613C860026BD0D /* Sources */,
				D077DBE520613C860026BD0D /* Frameworks */,
				D077DBE620613C860026BD0D /* Resources */,
			);
			buildRules = (
			);
			dependencies = (
			);
			name = JXAutoScrollView;
			productName = JXAutoScrollView;
			productReference = D077DBE820613C860026BD0D /* JXAutoScrollView.app */;
			productType = "com.apple.product-type.application";
		};
		D077DBFF20613C870026BD0D /* JXAutoScrollViewTests */ = {
			isa = PBXNativeTarget;
			buildConfigurationList = D077DC1720613C870026BD0D /* Build configuration list for PBXNativeTarget "JXAutoScrollViewTests" */;
			buildPhases = (
				D077DBFC20613C870026BD0D /* Sources */,
				D077DBFD20613C870026BD0D /* Frameworks */,
				D077DBFE20613C870026BD0D /* Resources */,
			);
			buildRules = (
			);
			dependencies = (
				D077DC0220613C870026BD0D /* PBXTargetDependency */,
			);
			name = JXAutoScrollViewTests;
			productName = JXAutoScrollViewTests;
			productReference = D077DC0020613C870026BD0D /* JXAutoScrollViewTests.xctest */;
			productType = "com.apple.product-type.bundle.unit-test";
		};
		D077DC0A20613C870026BD0D /* JXAutoScrollViewUITests */ = {
			isa = PBXNativeTarget;
			buildConfigurationList = D077DC1A20613C870026BD0D /* Build configuration list for PBXNativeTarget "JXAutoScrollViewUITests" */;
			buildPhases = (
				D077DC0720613C870026BD0D /* Sources */,
				D077DC0820613C870026BD0D /* Frameworks */,
				D077DC0920613C870026BD0D /* Resources */,
			);
			buildRules = (
			);
			dependencies = (
				D077DC0D20613C870026BD0D /* PBXTargetDependency */,
			);
			name = JXAutoScrollViewUITests;
			productName = JXAutoScrollViewUITests;
			productReference = D077DC0B20613C870026BD0D /* JXAutoScrollViewUITests.xctest */;
			productType = "com.apple.product-type.bundle.ui-testing";
		};
/* End PBXNativeTarget section */

/* Begin PBXProject section */
		D077DBE020613C860026BD0D /* Project object */ = {
			isa = PBXProject;
			attributes = {
				LastUpgradeCheck = 0920;
				ORGANIZATIONNAME = "谢东华";
				TargetAttributes = {
					D077DBE720613C860026BD0D = {
						CreatedOnToolsVersion = 9.2;
						ProvisioningStyle = Automatic;
					};
					D077DBFF20613C870026BD0D = {
						CreatedOnToolsVersion = 9.2;
						ProvisioningStyle = Automatic;
						TestTargetID = D077DBE720613C860026BD0D;
					};
					D077DC0A20613C870026BD0D = {
						CreatedOnToolsVersion = 9.2;
						ProvisioningStyle = Automatic;
						TestTargetID = D077DBE720613C860026BD0D;
					};
				};
			};
			buildConfigurationList = D077DBE320613C860026BD0D /* Build configuration list for PBXProject "JXAutoScrollView" */;
			compatibilityVersion = "Xcode 8.0";
			developmentRegion = en;
			hasScannedForEncodings = 0;
			knownRegions = (
				en,
				Base,
			);
			mainGroup = D077DBDF20613C860026BD0D;
			productRefGroup = D077DBE920613C860026BD0D /* Products */;
			projectDirPath = "";
			projectRoot = "";
			targets = (
				D077DBE720613C860026BD0D /* JXAutoScrollView */,
				D077DBFF20613C870026BD0D /* JXAutoScrollViewTests */,
				D077DC0A20613C870026BD0D /* JXAutoScrollViewUITests */,
			);
		};
/* End PBXProject section */

/* Begin PBXResourcesBuildPhase section */
		D077DBE620613C860026BD0D /* Resources */ = {
			isa = PBXResourcesBuildPhase;
			buildActionMask = 2147483647;
			files = (
				D077DBF820613C870026BD0D /* LaunchScreen.storyboard in Resources */,
				D077DBF520613C870026BD0D /* Assets.xcassets in Resources */,
				D077DBF320613C870026BD0D /* Main.storyboard in Resources */,
			);
			runOnlyForDeploymentPostprocessing = 0;
		};
		D077DBFE20613C870026BD0D /* Resources */ = {
			isa = PBXResourcesBuildPhase;
			buildActionMask = 2147483647;
			files = (
			);
			runOnlyForDeploymentPostprocessing = 0;
		};
		D077DC0920613C870026BD0D /* Resources */ = {
			isa = PBXResourcesBuildPhase;
			buildActionMask = 2147483647;
			files = (
			);
			runOnlyForDeploymentPostprocessing = 0;
		};
/* End PBXResourcesBuildPhase section */

/* Begin PBXSourcesBuildPhase section */
		D077DBE420613C860026BD0D /* Sources */ = {
			isa = PBXSourcesBuildPhase;
			buildActionMask = 2147483647;
			files = (
				D077DBF020613C870026BD0D /* ViewController.m in Sources */,
				D077DBFB20613C870026BD0D /* main.m in Sources */,
				D077DBED20613C860026BD0D /* AppDelegate.m in Sources */,
			);
			runOnlyForDeploymentPostprocessing = 0;
		};
		D077DBFC20613C870026BD0D /* Sources */ = {
			isa = PBXSourcesBuildPhase;
			buildActionMask = 2147483647;
			files = (
				D077DC0520613C870026BD0D /* JXAutoScrollViewTests.m in Sources */,
			);
			runOnlyForDeploymentPostprocessing = 0;
		};
		D077DC0720613C870026BD0D /* Sources */ = {
			isa = PBXSourcesBuildPhase;
			buildActionMask = 2147483647;
			files = (
				D077DC1020613C870026BD0D /* JXAutoScrollViewUITests.m in Sources */,
			);
			runOnlyForDeploymentPostprocessing = 0;
		};
/* End PBXSourcesBuildPhase section */

/* Begin PBXTargetDependency section */
		D077DC0220613C870026BD0D /* PBXTargetDependency */ = {
			isa = PBXTargetDependency;
			target = D077DBE720613C860026BD0D /* JXAutoScrollView */;
			targetProxy = D077DC0120613C870026BD0D /* PBXContainerItemProxy */;
		};
		D077DC0D20613C870026BD0D /* PBXTargetDependency */ = {
			isa = PBXTargetDependency;
			target = D077DBE720613C860026BD0D /* JXAutoScrollView */;
			targetProxy = D077DC0C20613C870026BD0D /* PBXContainerItemProxy */;
		};
/* End PBXTargetDependency section */

/* Begin PBXVariantGroup section */
		D077DBF120613C870026BD0D /* Main.storyboard */ = {
			isa = PBXVariantGroup;
			children = (
				D077DBF220613C870026BD0D /* Base */,
			);
			name = Main.storyboard;
			sourceTree = "<group>";
		};
		D077DBF620613C870026BD0D /* LaunchScreen.storyboard */ = {
			isa = PBXVariantGroup;
			children = (
				D077DBF720613C870026BD0D /* Base */,
			);
			name = LaunchScreen.storyboard;
			sourceTree = "<group>";
		};
/* End PBXVariantGroup section */

/* Begin XCBuildConfiguration section */
		D077DC1220613C870026BD0D /* Debug */ = {
			isa = XCBuildConfiguration;
			buildSettings = {
				ALWAYS_SEARCH_USER_PATHS = NO;
				CLANG_ANALYZER_NONNULL = YES;
				CLANG_ANALYZER_NUMBER_OBJECT_CONVERSION = YES_AGGRESSIVE;
				CLANG_CXX_LANGUAGE_STANDARD = "gnu++14";
				CLANG_CXX_LIBRARY = "libc++";
				CLANG_ENABLE_MODULES = YES;
				CLANG_ENABLE_OBJC_ARC = YES;
				CLANG_WARN_BLOCK_CAPTURE_AUTORELEASING = YES;
				CLANG_WARN_BOOL_CONVERSION = YES;
				CLANG_WARN_COMMA = YES;
				CLANG_WARN_CONSTANT_CONVERSION = YES;
				CLANG_WARN_DIRECT_OBJC_ISA_USAGE = YES_ERROR;
				CLANG_WARN_DOCUMENTATION_COMMENTS = YES;
				CLANG_WARN_EMPTY_BODY = YES;
				CLANG_WARN_ENUM_CONVERSION = YES;
				CLANG_WARN_INFINITE_RECURSION = YES;
				CLANG_WARN_INT_CONVERSION = YES;
				CLANG_WARN_NON_LITERAL_NULL_CONVERSION = YES;
				CLANG_WARN_OBJC_LITERAL_CONVERSION = YES;
				CLANG_WARN_OBJC_ROOT_CLASS = YES_ERROR;
				CLANG_WARN_RANGE_LOOP_ANALYSIS = YES;
				CLANG_WARN_STRICT_PROTOTYPES = YES;
				CLANG_WARN_SUSPICIOUS_MOVE = YES;
				CLANG_WARN_UNGUARDED_AVAILABILITY = YES_AGGRESSIVE;
				CLANG_WARN_UNREACHABLE_CODE = YES;
				CLANG_WARN__DUPLICATE_METHOD_MATCH = YES;
				CODE_SIGN_IDENTITY = "iPhone Developer";
				COPY_PHASE_STRIP = NO;
				DEBUG_INFORMATION_FORMAT = dwarf;
				ENABLE_STRICT_OBJC_MSGSEND = YES;
				ENABLE_TESTABILITY = YES;
				GCC_C_LANGUAGE_STANDARD = gnu11;
				GCC_DYNAMIC_NO_PIC = NO;
				GCC_NO_COMMON_BLOCKS = YES;
				GCC_OPTIMIZATION_LEVEL = 0;
				GCC_PREPROCESSOR_DEFINITIONS = (
					"DEBUG=1",
					"$(inherited)",
				);
				GCC_WARN_64_TO_32_BIT_CONVERSION = YES;
				GCC_WARN_ABOUT_RETURN_TYPE = YES_ERROR;
				GCC_WARN_UNDECLARED_SELECTOR = YES;
				GCC_WARN_UNINITIALIZED_AUTOS = YES_AGGRESSIVE;
				GCC_WARN_UNUSED_FUNCTION = YES;
				GCC_WARN_UNUSED_VARIABLE = YES;
				IPHONEOS_DEPLOYMENT_TARGET = 11.2;
				MTL_ENABLE_DEBUG_INFO = YES;
				ONLY_ACTIVE_ARCH = YES;
				SDKROOT = iphoneos;
			};
			name = Debug;
		};
		D077DC1320613C870026BD0D /* Release */ = {
			isa = XCBuildConfiguration;
			buildSettings = {
				ALWAYS_SEARCH_USER_PATHS = NO;
				CLANG_ANALYZER_NONNULL = YES;
				CLANG_ANALYZER_NUMBER_OBJECT_CONVERSION = YES_AGGRESSIVE;
				CLANG_CXX_LANGUAGE_STANDARD = "gnu++14";
				CLANG_CXX_LIBRARY = "libc++";
				CLANG_ENABLE_MODULES = YES;
				CLANG_ENABLE_OBJC_ARC = YES;
				CLANG_WARN_BLOCK_CAPTURE_AUTORELEASING = YES;
				CLANG_WARN_BOOL_CONVERSION = YES;
				CLANG_WARN_COMMA = YES;
				CLANG_WARN_CONSTANT_CONVERSION = YES;
				CLANG_WARN_DIRECT_OBJC_ISA_USAGE = YES_ERROR;
				CLANG_WARN_DOCUMENTATION_COMMENTS = YES;
				CLANG_WARN_EMPTY_BODY = YES;
				CLANG_WARN_ENUM_CONVERSION = YES;
				CLANG_WARN_INFINITE_RECURSION = YES;
				CLANG_WARN_INT_CONVERSION = YES;
				CLANG_WARN_NON_LITERAL_NULL_CONVERSION = YES;
				CLANG_WARN_OBJC_LITERAL_CONVERSION = YES;
				CLANG_WARN_OBJC_ROOT_CLASS = YES_ERROR;
				CLANG_WARN_RANGE_LOOP_ANALYSIS = YES;
				CLANG_WARN_STRICT_PROTOTYPES = YES;
				CLANG_WARN_SUSPICIOUS_MOVE = YES;
				CLANG_WARN_UNGUARDED_AVAILABILITY = YES_AGGRESSIVE;
				CLANG_WARN_UNREACHABLE_CODE = YES;
				CLANG_WARN__DUPLICATE_METHOD_MATCH = YES;
				CODE_SIGN_IDENTITY = "iPhone Developer";
				COPY_PHASE_STRIP = NO;
				DEBUG_INFORMATION_FORMAT = "dwarf-with-dsym";
				ENABLE_NS_ASSERTIONS = NO;
				ENABLE_STRICT_OBJC_MSGSEND = YES;
				GCC_C_LANGUAGE_STANDARD = gnu11;
				GCC_NO_COMMON_BLOCKS = YES;
				GCC_WARN_64_TO_32_BIT_CONVERSION = YES;
				GCC_WARN_ABOUT_RETURN_TYPE = YES_ERROR;
				GCC_WARN_UNDECLARED_SELECTOR = YES;
				GCC_WARN_UNINITIALIZED_AUTOS = YES_AGGRESSIVE;
				GCC_WARN_UNUSED_FUNCTION = YES;
				GCC_WARN_UNUSED_VARIABLE = YES;
				IPHONEOS_DEPLOYMENT_TARGET = 11.2;
				MTL_ENABLE_DEBUG_INFO = NO;
				SDKROOT = iphoneos;
				VALIDATE_PRODUCT = YES;
			};
			name = Release;
		};
		D077DC1520613C870026BD0D /* Debug */ = {
			isa = XCBuildConfiguration;
			buildSettings = {
				ASSETCATALOG_COMPILER_APPICON_NAME = AppIcon;
				CODE_SIGN_STYLE = Automatic;
				DEVELOPMENT_TEAM = 7CA89CVK8A;
				INFOPLIST_FILE = JXAutoScrollView/Info.plist;
				LD_RUNPATH_SEARCH_PATHS = "$(inherited) @executable_path/Frameworks";
				PRODUCT_BUNDLE_IDENTIFIER = com.mrpyq.JXAutoScrollView;
				PRODUCT_NAME = "$(TARGET_NAME)";
				TARGETED_DEVICE_FAMILY = "1,2";
			};
			name = Debug;
		};
		D077DC1620613C870026BD0D /* Release */ = {
			isa = XCBuildConfiguration;
			buildSettings = {
				ASSETCATALOG_COMPILER_APPICON_NAME = AppIcon;
				CODE_SIGN_STYLE = Automatic;
				DEVELOPMENT_TEAM = 7CA89CVK8A;
				INFOPLIST_FILE = JXAutoScrollView/Info.plist;
				LD_RUNPATH_SEARCH_PATHS = "$(inherited) @executable_path/Frameworks";
				PRODUCT_BUNDLE_IDENTIFIER = com.mrpyq.JXAutoScrollView;
				PRODUCT_NAME = "$(TARGET_NAME)";
				TARGETED_DEVICE_FAMILY = "1,2";
			};
			name = Release;
		};
		D077DC1820613C870026BD0D /* Debug */ = {
			isa = XCBuildConfiguration;
			buildSettings = {
				BUNDLE_LOADER = "$(TEST_HOST)";
				CODE_SIGN_STYLE = Automatic;
				DEVELOPMENT_TEAM = 7CA89CVK8A;
				INFOPLIST_FILE = JXAutoScrollViewTests/Info.plist;
				LD_RUNPATH_SEARCH_PATHS = "$(inherited) @executable_path/Frameworks @loader_path/Frameworks";
				PRODUCT_BUNDLE_IDENTIFIER = com.mrpyq.JXAutoScrollViewTests;
				PRODUCT_NAME = "$(TARGET_NAME)";
				TARGETED_DEVICE_FAMILY = "1,2";
				TEST_HOST = "$(BUILT_PRODUCTS_DIR)/JXAutoScrollView.app/JXAutoScrollView";
			};
			name = Debug;
		};
		D077DC1920613C870026BD0D /* Release */ = {
			isa = XCBuildConfiguration;
			buildSettings = {
				BUNDLE_LOADER = "$(TEST_HOST)";
				CODE_SIGN_STYLE = Automatic;
				DEVELOPMENT_TEAM = 7CA89CVK8A;
				INFOPLIST_FILE = JXAutoScrollViewTests/Info.plist;
				LD_RUNPATH_SEARCH_PATHS = "$(inherited) @executable_path/Frameworks @loader_path/Frameworks";
				PRODUCT_BUNDLE_IDENTIFIER = com.mrpyq.JXAutoScrollViewTests;
				PRODUCT_NAME = "$(TARGET_NAME)";
				TARGETED_DEVICE_FAMILY = "1,2";
				TEST_HOST = "$(BUILT_PRODUCTS_DIR)/JXAutoScrollView.app/JXAutoScrollView";
			};
			name = Release;
		};
		D077DC1B20613C870026BD0D /* Debug */ = {
			isa = XCBuildConfiguration;
			buildSettings = {
				CODE_SIGN_STYLE = Automatic;
				DEVELOPMENT_TEAM = 7CA89CVK8A;
				INFOPLIST_FILE = JXAutoScrollViewUITests/Info.plist;
				LD_RUNPATH_SEARCH_PATHS = "$(inherited) @executable_path/Frameworks @loader_path/Frameworks";
				PRODUCT_BUNDLE_IDENTIFIER = com.mrpyq.JXAutoScrollViewUITests;
				PRODUCT_NAME = "$(TARGET_NAME)";
				TARGETED_DEVICE_FAMILY = "1,2";
				TEST_TARGET_NAME = JXAutoScrollView;
			};
			name = Debug;
		};
		D077DC1C20613C870026BD0D /* Release */ = {
			isa = XCBuildConfiguration;
			buildSettings = {
				CODE_SIGN_STYLE = Automatic;
				DEVELOPMENT_TEAM = 7CA89CVK8A;
				INFOPLIST_FILE = JXAutoScrollViewUITests/Info.plist;
				LD_RUNPATH_SEARCH_PATHS = "$(inherited) @executable_path/Frameworks @loader_path/Frameworks";
				PRODUCT_BUNDLE_IDENTIFIER = com.mrpyq.JXAutoScrollViewUITests;
				PRODUCT_NAME = "$(TARGET_NAME)";
				TARGETED_DEVICE_FAMILY = "1,2";
				TEST_TARGET_NAME = JXAutoScrollView;
			};
			name = Release;
		};
/* End XCBuildConfiguration section */

/* Begin XCConfigurationList section */
		D077DBE320613C860026BD0D /* Build configuration list for PBXProject "JXAutoScrollView" */ = {
			isa = XCConfigurationList;
			buildConfigurations = (
				D077DC1220613C870026BD0D /* Debug */,
				D077DC1320613C870026BD0D /* Release */,
			);
			defaultConfigurationIsVisible = 0;
			defaultConfigurationName = Release;
		};
		D077DC1420613C870026BD0D /* Build configuration list for PBXNativeTarget "JXAutoScrollView" */ = {
			isa = XCConfigurationList;
			buildConfigurations = (
				D077DC1520613C870026BD0D /* Debug */,
				D077DC1620613C870026BD0D /* Release */,
			);
			defaultConfigurationIsVisible = 0;
			defaultConfigurationName = Release;
		};
		D077DC1720613C870026BD0D /* Build configuration list for PBXNativeTarget "JXAutoScrollViewTests" */ = {
			isa = XCConfigurationList;
			buildConfigurations = (
				D077DC1820613C870026BD0D /* Debug */,
				D077DC1920613C870026BD0D /* Release */,
			);
			defaultConfigurationIsVisible = 0;
			defaultConfigurationName = Release;
		};
		D077DC1A20613C870026BD0D /* Build configuration list for PBXNativeTarget "JXAutoScrollViewUITests" */ = {
			isa = XCConfigurationList;
			buildConfigurations = (
				D077DC1B20613C870026BD0D /* Debug */,
				D077DC1C20613C870026BD0D /* Release */,
			);
			defaultConfigurationIsVisible = 0;
			defaultConfigurationName = Release;
		};
/* End XCConfigurationList section */
	};
	rootObject = D077DBE020613C860026BD0D /* Project object */;
}
